
Microsoft Visual Studio Solution File, Format Version 12.00
# Visual Studio Version 17
VisualStudioVersion = 17.11.35222.181
MinimumVisualStudioVersion = 10.0.40219.1
Project("{FAE04EC0-301F-11D3-BF4B-00C04F79EFBC}") = "OrderService.API", "OrderService.API\OrderService.API.csproj", "{72EB2D73-2979-4EA6-95B2-F60C36B6628D}"
EndProject
Project("{FAE04EC0-301F-11D3-BF4B-00C04F79EFBC}") = "OrderService.Domain", "OrderService.Domain\OrderService.Domain.csproj", "{7EBFE2AF-4B08-49AC-B50B-08C5B4470BDC}"
EndProject
Project("{FAE04EC0-301F-11D3-BF4B-00C04F79EFBC}") = "OrderService.Application", "OrderService.Application\OrderService.Application.csproj", "{1786CF55-5B40-4547-94F3-8CE6A195A966}"
EndProject
Project("{FAE04EC0-301F-11D3-BF4B-00C04F79EFBC}") = "OrderService.Infrastructure.Write", "OrderService.Infrastructure.Write\OrderService.Infrastructure.Write.csproj", "{8D735EC7-AA8F-4D4B-91C0-B702F094DD8F}"
EndProject
Project("{FAE04EC0-301F-11D3-BF4B-00C04F79EFBC}") = "OrderService.Infrastructure.Read", "OrderService.Infrastructure.Read\OrderService.Infrastructure.Read.csproj", "{32DB9BE2-B3E8-4F31-A3C2-5387912326EF}"
EndProject
Global
	GlobalSection(SolutionConfigurationPlatforms) = preSolution
		Debug|Any CPU = Debug|Any CPU
		Release|Any CPU = Release|Any CPU
	EndGlobalSection
	GlobalSection(ProjectConfigurationPlatforms) = postSolution
		{72EB2D73-2979-4EA6-95B2-F60C36B6628D}.Debug|Any CPU.ActiveCfg = Debug|Any CPU
		{72EB2D73-2979-4EA6-95B2-F60C36B6628D}.Debug|Any CPU.Build.0 = Debug|Any CPU
		{72EB2D73-2979-4EA6-95B2-F60C36B6628D}.Release|Any CPU.ActiveCfg = Release|Any CPU
		{72EB2D73-2979-4EA6-95B2-F60C36B6628D}.Release|Any CPU.Build.0 = Release|Any CPU
		{7EBFE2AF-4B08-49AC-B50B-08C5B4470BDC}.Debug|Any CPU.ActiveCfg = Debug|Any CPU
		{7EBFE2AF-4B08-49AC-B50B-08C5B4470BDC}.Debug|Any CPU.Build.0 = Debug|Any CPU
		{7EBFE2AF-4B08-49AC-B50B-08C5B4470BDC}.Release|Any CPU.ActiveCfg = Release|Any CPU
		{7EBFE2AF-4B08-49AC-B50B-08C5B4470BDC}.Release|Any CPU.Build.0 = Release|Any CPU
		{1786CF55-5B40-4547-94F3-8CE6A195A966}.Debug|Any CPU.ActiveCfg = Debug|Any CPU
		{1786CF55-5B40-4547-94F3-8CE6A195A966}.Debug|Any CPU.Build.0 = Debug|Any CPU
		{1786CF55-5B40-4547-94F3-8CE6A195A966}.Release|Any CPU.ActiveCfg = Release|Any CPU
		{1786CF55-5B40-4547-94F3-8CE6A195A966}.Release|Any CPU.Build.0 = Release|Any CPU
		{8D735EC7-AA8F-4D4B-91C0-B702F094DD8F}.Debug|Any CPU.ActiveCfg = Debug|Any CPU
		{8D735EC7-AA8F-4D4B-91C0-B702F094DD8F}.Debug|Any CPU.Build.0 = Debug|Any CPU
		{8D735EC7-AA8F-4D4B-91C0-B702F094DD8F}.Release|Any CPU.ActiveCfg = Release|Any CPU
		{8D735EC7-AA8F-4D4B-91C0-B702F094DD8F}.Release|Any CPU.Build.0 = Release|Any CPU
		{32DB9BE2-B3E8-4F31-A3C2-5387912326EF}.Debug|Any CPU.ActiveCfg = Debug|Any CPU
		{32DB9BE2-B3E8-4F31-A3C2-5387912326EF}.Debug|Any CPU.Build.0 = Debug|Any CPU
		{32DB9BE2-B3E8-4F31-A3C2-5387912326EF}.Release|Any CPU.ActiveCfg = Release|Any CPU
		{32DB9BE2-B3E8-4F31-A3C2-5387912326EF}.Release|Any CPU.Build.0 = Release|Any CPU
	EndGlobalSection
	GlobalSection(SolutionProperties) = preSolution
		HideSolutionNode = FALSE
	EndGlobalSection
	GlobalSection(ExtensibilityGlobals) = postSolution
		SolutionGuid = {6140EFD7-F271-47BD-BB75-120A10F39DDB}
	EndGlobalSection
EndGlobal
