
Microsoft Visual Studio Solution File, Format Version 12.00
# Visual Studio Version 17
VisualStudioVersion = 17.11.35222.181
MinimumVisualStudioVersion = 10.0.40219.1
Project("{FAE04EC0-301F-11D3-BF4B-00C04F79EFBC}") = "TicketService.API", "TicketService.API\TicketService.API.csproj", "{1412A676-6C2C-4F27-A5BC-1C9E299A3D72}"
EndProject
Project("{FAE04EC0-301F-11D3-BF4B-00C04F79EFBC}") = "TicketService.Application", "TicketService.Application\TicketService.Application.csproj", "{D73F5A11-B4DE-488C-9FFD-D92C09B03224}"
EndProject
Project("{FAE04EC0-301F-11D3-BF4B-00C04F79EFBC}") = "TicketService.Domain", "TicketService.Domain\TicketService.Domain.csproj", "{C4E99540-F43A-4C95-8B6D-E442307A91D8}"
EndProject
Project("{FAE04EC0-301F-11D3-BF4B-00C04F79EFBC}") = "TicketService.Infrastructure.Write", "TicketService.Infrastructure.Write\TicketService.Infrastructure.Write.csproj", "{82E69D62-7672-43CD-B01F-4776D7AA77A3}"
EndProject
Project("{FAE04EC0-301F-11D3-BF4B-00C04F79EFBC}") = "TicketService.Infrastructure.Read", "TicketService.Infrastructure.Read\TicketService.Infrastructure.Read.csproj", "{A48C37A1-963D-44AD-B658-AF2C4CC0CFB6}"
EndProject
Global
	GlobalSection(SolutionConfigurationPlatforms) = preSolution
		Debug|Any CPU = Debug|Any CPU
		Release|Any CPU = Release|Any CPU
	EndGlobalSection
	GlobalSection(ProjectConfigurationPlatforms) = postSolution
		{1412A676-6C2C-4F27-A5BC-1C9E299A3D72}.Debug|Any CPU.ActiveCfg = Debug|Any CPU
		{1412A676-6C2C-4F27-A5BC-1C9E299A3D72}.Debug|Any CPU.Build.0 = Debug|Any CPU
		{1412A676-6C2C-4F27-A5BC-1C9E299A3D72}.Release|Any CPU.ActiveCfg = Release|Any CPU
		{1412A676-6C2C-4F27-A5BC-1C9E299A3D72}.Release|Any CPU.Build.0 = Release|Any CPU
		{D73F5A11-B4DE-488C-9FFD-D92C09B03224}.Debug|Any CPU.ActiveCfg = Debug|Any CPU
		{D73F5A11-B4DE-488C-9FFD-D92C09B03224}.Debug|Any CPU.Build.0 = Debug|Any CPU
		{D73F5A11-B4DE-488C-9FFD-D92C09B03224}.Release|Any CPU.ActiveCfg = Release|Any CPU
		{D73F5A11-B4DE-488C-9FFD-D92C09B03224}.Release|Any CPU.Build.0 = Release|Any CPU
		{C4E99540-F43A-4C95-8B6D-E442307A91D8}.Debug|Any CPU.ActiveCfg = Debug|Any CPU
		{C4E99540-F43A-4C95-8B6D-E442307A91D8}.Debug|Any CPU.Build.0 = Debug|Any CPU
		{C4E99540-F43A-4C95-8B6D-E442307A91D8}.Release|Any CPU.ActiveCfg = Release|Any CPU
		{C4E99540-F43A-4C95-8B6D-E442307A91D8}.Release|Any CPU.Build.0 = Release|Any CPU
		{82E69D62-7672-43CD-B01F-4776D7AA77A3}.Debug|Any CPU.ActiveCfg = Debug|Any CPU
		{82E69D62-7672-43CD-B01F-4776D7AA77A3}.Debug|Any CPU.Build.0 = Debug|Any CPU
		{82E69D62-7672-43CD-B01F-4776D7AA77A3}.Release|Any CPU.ActiveCfg = Release|Any CPU
		{82E69D62-7672-43CD-B01F-4776D7AA77A3}.Release|Any CPU.Build.0 = Release|Any CPU
		{A48C37A1-963D-44AD-B658-AF2C4CC0CFB6}.Debug|Any CPU.ActiveCfg = Debug|Any CPU
		{A48C37A1-963D-44AD-B658-AF2C4CC0CFB6}.Debug|Any CPU.Build.0 = Debug|Any CPU
		{A48C37A1-963D-44AD-B658-AF2C4CC0CFB6}.Release|Any CPU.ActiveCfg = Release|Any CPU
		{A48C37A1-963D-44AD-B658-AF2C4CC0CFB6}.Release|Any CPU.Build.0 = Release|Any CPU
	EndGlobalSection
	GlobalSection(SolutionProperties) = preSolution
		HideSolutionNode = FALSE
	EndGlobalSection
	GlobalSection(ExtensibilityGlobals) = postSolution
		SolutionGuid = {D435B03C-8B06-42E0-8548-993B22784D3F}
	EndGlobalSection
EndGlobal
