
Microsoft Visual Studio Solution File, Format Version 12.00
# Visual Studio Version 17
VisualStudioVersion = 17.11.35222.181
MinimumVisualStudioVersion = 10.0.40219.1
Project("{FAE04EC0-301F-11D3-BF4B-00C04F79EFBC}") = "AccountService.API", "AccountService.API\AccountService.API.csproj", "{A491FE2D-AEF3-4D3F-83C6-DE86C86DE42E}"
EndProject
Project("{FAE04EC0-301F-11D3-BF4B-00C04F79EFBC}") = "AccountService.Application", "AccountService.Application\AccountService.Application.csproj", "{B594D5F1-74B3-4815-AE02-0BCE598E17C1}"
EndProject
Project("{FAE04EC0-301F-11D3-BF4B-00C04F79EFBC}") = "AccountService.Domain", "AccountService.Domain\AccountService.Domain.csproj", "{8FDE719D-0C26-4CE3-9A48-AE12FCFFC5AA}"
EndProject
Project("{FAE04EC0-301F-11D3-BF4B-00C04F79EFBC}") = "AccountService.Infrastructure.Read", "AccountService.Infrastructure.Read\AccountService.Infrastructure.Read.csproj", "{5934581B-048C-4DBD-8CC9-C87B6E98A268}"
EndProject
Project("{FAE04EC0-301F-11D3-BF4B-00C04F79EFBC}") = "AccountService.Infrastructure.Write", "AccountService.Infrastructure.Write\AccountService.Infrastructure.Write.csproj", "{5383F40C-2FCD-472D-B39E-CC68B1D7BA5C}"
EndProject
Global
	GlobalSection(SolutionConfigurationPlatforms) = preSolution
		Debug|Any CPU = Debug|Any CPU
		Release|Any CPU = Release|Any CPU
	EndGlobalSection
	GlobalSection(ProjectConfigurationPlatforms) = postSolution
		{A491FE2D-AEF3-4D3F-83C6-DE86C86DE42E}.Debug|Any CPU.ActiveCfg = Debug|Any CPU
		{A491FE2D-AEF3-4D3F-83C6-DE86C86DE42E}.Debug|Any CPU.Build.0 = Debug|Any CPU
		{A491FE2D-AEF3-4D3F-83C6-DE86C86DE42E}.Release|Any CPU.ActiveCfg = Release|Any CPU
		{A491FE2D-AEF3-4D3F-83C6-DE86C86DE42E}.Release|Any CPU.Build.0 = Release|Any CPU
		{B594D5F1-74B3-4815-AE02-0BCE598E17C1}.Debug|Any CPU.ActiveCfg = Debug|Any CPU
		{B594D5F1-74B3-4815-AE02-0BCE598E17C1}.Debug|Any CPU.Build.0 = Debug|Any CPU
		{B594D5F1-74B3-4815-AE02-0BCE598E17C1}.Release|Any CPU.ActiveCfg = Release|Any CPU
		{B594D5F1-74B3-4815-AE02-0BCE598E17C1}.Release|Any CPU.Build.0 = Release|Any CPU
		{8FDE719D-0C26-4CE3-9A48-AE12FCFFC5AA}.Debug|Any CPU.ActiveCfg = Debug|Any CPU
		{8FDE719D-0C26-4CE3-9A48-AE12FCFFC5AA}.Debug|Any CPU.Build.0 = Debug|Any CPU
		{8FDE719D-0C26-4CE3-9A48-AE12FCFFC5AA}.Release|Any CPU.ActiveCfg = Release|Any CPU
		{8FDE719D-0C26-4CE3-9A48-AE12FCFFC5AA}.Release|Any CPU.Build.0 = Release|Any CPU
		{5934581B-048C-4DBD-8CC9-C87B6E98A268}.Debug|Any CPU.ActiveCfg = Debug|Any CPU
		{5934581B-048C-4DBD-8CC9-C87B6E98A268}.Debug|Any CPU.Build.0 = Debug|Any CPU
		{5934581B-048C-4DBD-8CC9-C87B6E98A268}.Release|Any CPU.ActiveCfg = Release|Any CPU
		{5934581B-048C-4DBD-8CC9-C87B6E98A268}.Release|Any CPU.Build.0 = Release|Any CPU
		{5383F40C-2FCD-472D-B39E-CC68B1D7BA5C}.Debug|Any CPU.ActiveCfg = Debug|Any CPU
		{5383F40C-2FCD-472D-B39E-CC68B1D7BA5C}.Debug|Any CPU.Build.0 = Debug|Any CPU
		{5383F40C-2FCD-472D-B39E-CC68B1D7BA5C}.Release|Any CPU.ActiveCfg = Release|Any CPU
		{5383F40C-2FCD-472D-B39E-CC68B1D7BA5C}.Release|Any CPU.Build.0 = Release|Any CPU
	EndGlobalSection
	GlobalSection(SolutionProperties) = preSolution
		HideSolutionNode = FALSE
	EndGlobalSection
	GlobalSection(ExtensibilityGlobals) = postSolution
		SolutionGuid = {AC41B85A-B879-4792-9CFD-E5F51D490773}
	EndGlobalSection
EndGlobal
